PODS:
  - Alamofire (5.6.1)
  - CustomUISwitch (0.0.1)

DEPENDENCIES:
  - Alamofire (~> 5.6.1)
  - CustomUISwitch (~> 0.0)

SPEC REPOS:
  trunk:
    - Alamofire
    - CustomUISwitch

SPEC CHECKSUMS:
  Alamofire: 87bd8c952f9a4454320fce00d9cc3de57bcadaf5
  CustomUISwitch: 2076af90de425af11cc7631dda40bc441e707b0f

PODFILE CHECKSUM: 46a2ecf846b4d0eb081ef5e18a46407b8ef000e0

COCOAPODS: 1.11.3
