PODS:
  - Alamofire (5.6.4)
  - CustomUISwitch (0.0.1)

DEPENDENCIES:
  - Alamofire
  - CustomUISwitch

SPEC REPOS:
  trunk:
    - Alamofire
    - CustomUISwitch

SPEC CHECKSUMS:
  Alamofire: 4e95d97098eacb88856099c4fc79b526a299e48c
  CustomUISwitch: 2076af90de425af11cc7631dda40bc441e707b0f

PODFILE CHECKSUM: 65548479569a64dc7c0c73f7b94414e2579b6245

COCOAPODS: 1.11.3
